
Microsoft Visual Studio Solution File, Format Version 12.00
# Visual Studio Version 17
VisualStudioVersion = 17.9.34728.123
MinimumVisualStudioVersion = 10.0.40219.1
Project("{9A19103F-16F7-4668-BE54-9A1E7A4F7556}") = "Fgdlib", "fgdlib\Fgdlib.csproj", "{3AB4D4FD-75B0-451A-918D-FC6007A319A9}"
EndProject
Global
	GlobalSection(SolutionConfigurationPlatforms) = preSolution
		Debug|Any CPU = Debug|Any CPU
		Release|Any CPU = Release|Any CPU
	EndGlobalSection
	GlobalSection(ProjectConfigurationPlatforms) = postSolution
		{3AB4D4FD-75B0-451A-918D-FC6007A319A9}.Debug|Any CPU.ActiveCfg = Debug|Any CPU
		{3AB4D4FD-75B0-451A-918D-FC6007A319A9}.Debug|Any CPU.Build.0 = Debug|Any CPU
		{3AB4D4FD-75B0-451A-918D-FC6007A319A9}.Release|Any CPU.ActiveCfg = Release|Any CPU
		{3AB4D4FD-75B0-451A-918D-FC6007A319A9}.Release|Any CPU.Build.0 = Release|Any CPU
	EndGlobalSection
	GlobalSection(SolutionProperties) = preSolution
		HideSolutionNode = FALSE
	EndGlobalSection
	GlobalSection(ExtensibilityGlobals) = postSolution
		SolutionGuid = {604F8A02-D20D-4EAD-8EFF-891AAC36D2B2}
	EndGlobalSection
EndGlobal
