Microsoft Visual Studio Solution File, Format Version 12.00
# Visual Studio Version 17
VisualStudioVersion = 17.11.35208.52
MinimumVisualStudioVersion = 10.0.40219.1
Project("{9A19103F-16F7-4668-BE54-9A1E7A4F7556}") = "RayTrace", "raytrace\RayTrace.csproj", "{BDC45734-73CC-4791-A807-D61BE739B5F0}"
EndProject
Project("{9A19103F-16F7-4668-BE54-9A1E7A4F7556}") = "Mathlib", "mathlib\Mathlib.csproj", "{5A3D35FF-FE6C-4F65-958B-6B82C1356C55}"
EndProject
Project("{9A19103F-16F7-4668-BE54-9A1E7A4F7556}") = "Client (HL2)", "game\client\Client (HL2).csproj", "{401B5583-9AAA-437F-BC43-4D8205B64ED7}"
EndProject
Project("{9A19103F-16F7-4668-BE54-9A1E7A4F7556}") = "Client (Episodic)", "game\client\Client (Episodic).csproj", "{DBE4A1D3-AD0D-44BC-8C44-BF62DC03DB83}"
EndProject
Project("{9A19103F-16F7-4668-BE54-9A1E7A4F7556}") = "Server (HL2)", "game\server\Server (HL2).csproj", "{0E0EFBB2-071A-457C-AAB3-379523BFDA38}"
EndProject
Project("{9A19103F-16F7-4668-BE54-9A1E7A4F7556}") = "Server (Episodic)", "game\server\Server (Episodic).csproj", "{53AEDCC2-F8D5-4628-AA5D-D26AF885EEAF}"
EndProject
Project("{9A19103F-16F7-4668-BE54-9A1E7A4F7556}") = "Caption Compiler", "utils\captioncompiler\Caption Compiler.csproj", "{0AD425E8-4786-41ED-9C7E-8488EE902453}"
EndProject
Project("{9A19103F-16F7-4668-BE54-9A1E7A4F7556}") = "FGDLib", "fgdlib\FGDLib.csproj", "{9BF3DE6C-7631-4669-A052-4ECA45A6A689}"
EndProject
Project("{9A19103F-16F7-4668-BE54-9A1E7A4F7556}") = "Height2Normal", "utils\height2normal\Height2Normal.csproj", "{FE75B254-CE75-447D-A2A9-283B9448CD04}"
EndProject
Project("{9A19103F-16F7-4668-BE54-9A1E7A4F7556}") = "GLView", "utils\glview\GLView.csproj", "{118BC77C-4F68-44AA-B999-CB18CCFA360B}"
EndProject
Project("{9A19103F-16F7-4668-BE54-9A1E7A4F7556}") = "MotionMapper", "utils\motionmapper\MotionMapper.csproj", "{591F2687-9A28-448D-B20A-80B7EEDD7A54}"
EndProject
Project("{9A19103F-16F7-4668-BE54-9A1E7A4F7556}") = "PhonemeExtractor", "utils\phonemeextractor\PhonemeExtractor.csproj", "{D8D1880C-8AB4-4518-A528-CE79378B4B68}"
EndProject
Project("{9A19103F-16F7-4668-BE54-9A1E7A4F7556}") = "QC Eyes", "utils\qc_eyes\QC Eyes.csproj", "{0D06E1F5-1538-43FB-A697-C1F8826B2D80}"
EndProject
Project("{9A19103F-16F7-4668-BE54-9A1E7A4F7556}") = "Server Plugin Empty", "utils\serverplugin_sample\Server Plugin Empty.csproj", "{F4A39E30-4C11-44F9-84AE-6B777A65B4C3}"
EndProject
Project("{9A19103F-16F7-4668-BE54-9A1E7A4F7556}") = "Shaders (Episodic)", "materialsystem\stdshaders\Shaders (Episodic).csproj", "{2EA2B1C7-8F28-43BB-B938-2D537AFDEADC}"
EndProject
Project("{9A19103F-16F7-4668-BE54-9A1E7A4F7556}") = "Shaders (HL2)", "materialsystem\stdshaders\Shaders (HL2).csproj", "{62ACAC6C-FDDF-4AE0-AE35-77DDDB824C06}"
EndProject
Project("{9A19103F-16F7-4668-BE54-9A1E7A4F7556}") = "TGADiff", "utils\tgadiff\TGADiff.csproj", "{42367824-5BD7-4900-9482-AB4F0B0D460C}"
EndProject
Project("{9A19103F-16F7-4668-BE54-9A1E7A4F7556}") = "VBSP", "utils\vbsp\VBSP.csproj", "{9BFCAD52-4F03-42D0-B3AD-31906D268455}"
EndProject
Project("{9A19103F-16F7-4668-BE54-9A1E7A4F7556}") = "VGUI Controls", "vgui2\vgui_controls\VGUI Controls.csproj", "{88BB66C9-14D2-4718-B171-CA3549E3C934}"
EndProject
Project("{9A19103F-16F7-4668-BE54-9A1E7A4F7556}") = "Vice", "utils\vice\Vice.csproj", "{3CEDC3B3-8FC6-4F55-A50B-DA5F8ABB1A3E}"
EndProject
Project("{9A19103F-16F7-4668-BE54-9A1E7A4F7556}") = "VRAD DLL", "utils\vrad\VRAD DLL.csproj", "{420691E7-108F-445D-B36C-86036D66D724}"
EndProject
Project("{9A19103F-16F7-4668-BE54-9A1E7A4F7556}") = "VRAD Launcher", "utils\vrad_launcher\VRAD Launcher.csproj", "{B85A9A4F-FC71-4C5D-B199-8B5074E3B821}"
EndProject
Project("{9A19103F-16F7-4668-BE54-9A1E7A4F7556}") = "VTF2TGA", "utils\vtf2tga\VTF2TGA.csproj", "{256D2C82-CECC-4C56-8B0F-BBC80F0493DC}"
EndProject
Project("{9A19103F-16F7-4668-BE54-9A1E7A4F7556}") = "VTFDIFF", "utils\vtfdiff\VTFDIFF.csproj", "{B215B6A3-15CE-469B-989F-59828262974F}"
EndProject
Project("{9A19103F-16F7-4668-BE54-9A1E7A4F7556}") = "VVIS DLL", "utils\vvis\VVIS DLL.csproj", "{8DA4FD77-F6A2-410A-848A-A9CC12EB45D2}"
EndProject
Project("{9A19103F-16F7-4668-BE54-9A1E7A4F7556}") = "VVIS Launcher", "utils\vvis_launcher\VVIS Launcher.csproj", "{FEF0699C-1992-4845-84FC-F73BB05F712F}"
EndProject
Project("{9A19103F-16F7-4668-BE54-9A1E7A4F7556}") = "Tier 1", "tier1\Tier 1.csproj", "{9D0A1A71-8CE2-43AB-9ED0-A027F71AC618}"
EndProject
Global
	GlobalSection(SolutionConfigurationPlatforms) = preSolution
		Debug|Any CPU = Debug|Any CPU
		Release|Any CPU = Release|Any CPU
		X360-Debug|Any CPU = X360-Debug|Any CPU
		X360-Release|Any CPU = X360-Release|Any CPU
	EndGlobalSection
	GlobalSection(ProjectConfigurationPlatforms) = postSolution
		{BDC45734-73CC-4791-A807-D61BE739B5F0}.Debug|Any CPU.ActiveCfg = Debug|Any CPU
		{BDC45734-73CC-4791-A807-D61BE739B5F0}.Debug|Any CPU.Build.0 = Debug|Any CPU
		{BDC45734-73CC-4791-A807-D61BE739B5F0}.Release|Any CPU.ActiveCfg = Release|Any CPU
		{BDC45734-73CC-4791-A807-D61BE739B5F0}.Release|Any CPU.Build.0 = Release|Any CPU
		{BDC45734-73CC-4791-A807-D61BE739B5F0}.X360-Debug|Any CPU.ActiveCfg = X360-Debug|Any CPU
		{BDC45734-73CC-4791-A807-D61BE739B5F0}.X360-Debug|Any CPU.Build.0 = X360-Debug|Any CPU
		{BDC45734-73CC-4791-A807-D61BE739B5F0}.X360-Release|Any CPU.ActiveCfg = X360-Release|Any CPU
		{BDC45734-73CC-4791-A807-D61BE739B5F0}.X360-Release|Any CPU.Build.0 = X360-Release|Any CPU
		{5A3D35FF-FE6C-4F65-958B-6B82C1356C55}.Debug|Any CPU.ActiveCfg = Debug|Any CPU
		{5A3D35FF-FE6C-4F65-958B-6B82C1356C55}.Debug|Any CPU.Build.0 = Debug|Any CPU
		{5A3D35FF-FE6C-4F65-958B-6B82C1356C55}.Release|Any CPU.ActiveCfg = Release|Any CPU
		{5A3D35FF-FE6C-4F65-958B-6B82C1356C55}.Release|Any CPU.Build.0 = Release|Any CPU
		{5A3D35FF-FE6C-4F65-958B-6B82C1356C55}.X360-Debug|Any CPU.ActiveCfg = Debug|Any CPU
		{5A3D35FF-FE6C-4F65-958B-6B82C1356C55}.X360-Debug|Any CPU.Build.0 = Debug|Any CPU
		{5A3D35FF-FE6C-4F65-958B-6B82C1356C55}.X360-Release|Any CPU.ActiveCfg = Release|Any CPU
		{5A3D35FF-FE6C-4F65-958B-6B82C1356C55}.X360-Release|Any CPU.Build.0 = Release|Any CPU
		{401B5583-9AAA-437F-BC43-4D8205B64ED7}.Debug|Any CPU.ActiveCfg = Debug|Any CPU
		{401B5583-9AAA-437F-BC43-4D8205B64ED7}.Debug|Any CPU.Build.0 = Debug|Any CPU
		{401B5583-9AAA-437F-BC43-4D8205B64ED7}.Release|Any CPU.ActiveCfg = Release|Any CPU
		{401B5583-9AAA-437F-BC43-4D8205B64ED7}.Release|Any CPU.Build.0 = Release|Any CPU
		{401B5583-9AAA-437F-BC43-4D8205B64ED7}.X360-Debug|Any CPU.ActiveCfg = Debug|Any CPU
		{401B5583-9AAA-437F-BC43-4D8205B64ED7}.X360-Debug|Any CPU.Build.0 = Debug|Any CPU
		{401B5583-9AAA-437F-BC43-4D8205B64ED7}.X360-Release|Any CPU.ActiveCfg = Release|Any CPU
		{401B5583-9AAA-437F-BC43-4D8205B64ED7}.X360-Release|Any CPU.Build.0 = Release|Any CPU
		{DBE4A1D3-AD0D-44BC-8C44-BF62DC03DB83}.Debug|Any CPU.ActiveCfg = Debug|Any CPU
		{DBE4A1D3-AD0D-44BC-8C44-BF62DC03DB83}.Debug|Any CPU.Build.0 = Debug|Any CPU
		{DBE4A1D3-AD0D-44BC-8C44-BF62DC03DB83}.Release|Any CPU.ActiveCfg = Release|Any CPU
		{DBE4A1D3-AD0D-44BC-8C44-BF62DC03DB83}.Release|Any CPU.Build.0 = Release|Any CPU
		{DBE4A1D3-AD0D-44BC-8C44-BF62DC03DB83}.X360-Debug|Any CPU.ActiveCfg = Debug|Any CPU
		{DBE4A1D3-AD0D-44BC-8C44-BF62DC03DB83}.X360-Debug|Any CPU.Build.0 = Debug|Any CPU
		{DBE4A1D3-AD0D-44BC-8C44-BF62DC03DB83}.X360-Release|Any CPU.ActiveCfg = Release|Any CPU
		{DBE4A1D3-AD0D-44BC-8C44-BF62DC03DB83}.X360-Release|Any CPU.Build.0 = Release|Any CPU
		{0E0EFBB2-071A-457C-AAB3-379523BFDA38}.Debug|Any CPU.ActiveCfg = Debug|Any CPU
		{0E0EFBB2-071A-457C-AAB3-379523BFDA38}.Debug|Any CPU.Build.0 = Debug|Any CPU
		{0E0EFBB2-071A-457C-AAB3-379523BFDA38}.Release|Any CPU.ActiveCfg = Release|Any CPU
		{0E0EFBB2-071A-457C-AAB3-379523BFDA38}.Release|Any CPU.Build.0 = Release|Any CPU
		{0E0EFBB2-071A-457C-AAB3-379523BFDA38}.X360-Debug|Any CPU.ActiveCfg = Debug|Any CPU
		{0E0EFBB2-071A-457C-AAB3-379523BFDA38}.X360-Debug|Any CPU.Build.0 = Debug|Any CPU
		{0E0EFBB2-071A-457C-AAB3-379523BFDA38}.X360-Release|Any CPU.ActiveCfg = Release|Any CPU
		{0E0EFBB2-071A-457C-AAB3-379523BFDA38}.X360-Release|Any CPU.Build.0 = Release|Any CPU
		{53AEDCC2-F8D5-4628-AA5D-D26AF885EEAF}.Debug|Any CPU.ActiveCfg = Debug|Any CPU
		{53AEDCC2-F8D5-4628-AA5D-D26AF885EEAF}.Debug|Any CPU.Build.0 = Debug|Any CPU
		{53AEDCC2-F8D5-4628-AA5D-D26AF885EEAF}.Release|Any CPU.ActiveCfg = Release|Any CPU
		{53AEDCC2-F8D5-4628-AA5D-D26AF885EEAF}.Release|Any CPU.Build.0 = Release|Any CPU
		{53AEDCC2-F8D5-4628-AA5D-D26AF885EEAF}.X360-Debug|Any CPU.ActiveCfg = Debug|Any CPU
		{53AEDCC2-F8D5-4628-AA5D-D26AF885EEAF}.X360-Debug|Any CPU.Build.0 = Debug|Any CPU
		{53AEDCC2-F8D5-4628-AA5D-D26AF885EEAF}.X360-Release|Any CPU.ActiveCfg = Release|Any CPU
		{53AEDCC2-F8D5-4628-AA5D-D26AF885EEAF}.X360-Release|Any CPU.Build.0 = Release|Any CPU
		{0AD425E8-4786-41ED-9C7E-8488EE902453}.Debug|Any CPU.ActiveCfg = Debug|Any CPU
		{0AD425E8-4786-41ED-9C7E-8488EE902453}.Debug|Any CPU.Build.0 = Debug|Any CPU
		{0AD425E8-4786-41ED-9C7E-8488EE902453}.Release|Any CPU.ActiveCfg = Release|Any CPU
		{0AD425E8-4786-41ED-9C7E-8488EE902453}.Release|Any CPU.Build.0 = Release|Any CPU
		{0AD425E8-4786-41ED-9C7E-8488EE902453}.X360-Debug|Any CPU.ActiveCfg = Debug|Any CPU
		{0AD425E8-4786-41ED-9C7E-8488EE902453}.X360-Debug|Any CPU.Build.0 = Debug|Any CPU
		{0AD425E8-4786-41ED-9C7E-8488EE902453}.X360-Release|Any CPU.ActiveCfg = Release|Any CPU
		{0AD425E8-4786-41ED-9C7E-8488EE902453}.X360-Release|Any CPU.Build.0 = Release|Any CPU
		{9BF3DE6C-7631-4669-A052-4ECA45A6A689}.Debug|Any CPU.ActiveCfg = Debug|Any CPU
		{9BF3DE6C-7631-4669-A052-4ECA45A6A689}.Debug|Any CPU.Build.0 = Debug|Any CPU
		{9BF3DE6C-7631-4669-A052-4ECA45A6A689}.Release|Any CPU.ActiveCfg = Release|Any CPU
		{9BF3DE6C-7631-4669-A052-4ECA45A6A689}.Release|Any CPU.Build.0 = Release|Any CPU
		{9BF3DE6C-7631-4669-A052-4ECA45A6A689}.X360-Debug|Any CPU.ActiveCfg = Debug|Any CPU
		{9BF3DE6C-7631-4669-A052-4ECA45A6A689}.X360-Debug|Any CPU.Build.0 = Debug|Any CPU
		{9BF3DE6C-7631-4669-A052-4ECA45A6A689}.X360-Release|Any CPU.ActiveCfg = Release|Any CPU
		{9BF3DE6C-7631-4669-A052-4ECA45A6A689}.X360-Release|Any CPU.Build.0 = Release|Any CPU
		{FE75B254-CE75-447D-A2A9-283B9448CD04}.Debug|Any CPU.ActiveCfg = Debug|Any CPU
		{FE75B254-CE75-447D-A2A9-283B9448CD04}.Debug|Any CPU.Build.0 = Debug|Any CPU
		{FE75B254-CE75-447D-A2A9-283B9448CD04}.Release|Any CPU.ActiveCfg = Release|Any CPU
		{FE75B254-CE75-447D-A2A9-283B9448CD04}.Release|Any CPU.Build.0 = Release|Any CPU
		{FE75B254-CE75-447D-A2A9-283B9448CD04}.X360-Debug|Any CPU.ActiveCfg = Debug|Any CPU
		{FE75B254-CE75-447D-A2A9-283B9448CD04}.X360-Debug|Any CPU.Build.0 = Debug|Any CPU
		{FE75B254-CE75-447D-A2A9-283B9448CD04}.X360-Release|Any CPU.ActiveCfg = Release|Any CPU
		{FE75B254-CE75-447D-A2A9-283B9448CD04}.X360-Release|Any CPU.Build.0 = Release|Any CPU
		{118BC77C-4F68-44AA-B999-CB18CCFA360B}.Debug|Any CPU.ActiveCfg = Debug|Any CPU
		{118BC77C-4F68-44AA-B999-CB18CCFA360B}.Debug|Any CPU.Build.0 = Debug|Any CPU
		{118BC77C-4F68-44AA-B999-CB18CCFA360B}.Release|Any CPU.ActiveCfg = Release|Any CPU
		{118BC77C-4F68-44AA-B999-CB18CCFA360B}.Release|Any CPU.Build.0 = Release|Any CPU
		{118BC77C-4F68-44AA-B999-CB18CCFA360B}.X360-Debug|Any CPU.ActiveCfg = Debug|Any CPU
		{118BC77C-4F68-44AA-B999-CB18CCFA360B}.X360-Debug|Any CPU.Build.0 = Debug|Any CPU
		{118BC77C-4F68-44AA-B999-CB18CCFA360B}.X360-Release|Any CPU.ActiveCfg = Release|Any CPU
		{118BC77C-4F68-44AA-B999-CB18CCFA360B}.X360-Release|Any CPU.Build.0 = Release|Any CPU
		{591F2687-9A28-448D-B20A-80B7EEDD7A54}.Debug|Any CPU.ActiveCfg = Debug|Any CPU
		{591F2687-9A28-448D-B20A-80B7EEDD7A54}.Debug|Any CPU.Build.0 = Debug|Any CPU
		{591F2687-9A28-448D-B20A-80B7EEDD7A54}.Release|Any CPU.ActiveCfg = Release|Any CPU
		{591F2687-9A28-448D-B20A-80B7EEDD7A54}.Release|Any CPU.Build.0 = Release|Any CPU
		{591F2687-9A28-448D-B20A-80B7EEDD7A54}.X360-Debug|Any CPU.ActiveCfg = Debug|Any CPU
		{591F2687-9A28-448D-B20A-80B7EEDD7A54}.X360-Debug|Any CPU.Build.0 = Debug|Any CPU
		{591F2687-9A28-448D-B20A-80B7EEDD7A54}.X360-Release|Any CPU.ActiveCfg = Release|Any CPU
		{591F2687-9A28-448D-B20A-80B7EEDD7A54}.X360-Release|Any CPU.Build.0 = Release|Any CPU
		{D8D1880C-8AB4-4518-A528-CE79378B4B68}.Debug|Any CPU.ActiveCfg = Debug|Any CPU
		{D8D1880C-8AB4-4518-A528-CE79378B4B68}.Debug|Any CPU.Build.0 = Debug|Any CPU
		{D8D1880C-8AB4-4518-A528-CE79378B4B68}.Release|Any CPU.ActiveCfg = Release|Any CPU
		{D8D1880C-8AB4-4518-A528-CE79378B4B68}.Release|Any CPU.Build.0 = Release|Any CPU
		{D8D1880C-8AB4-4518-A528-CE79378B4B68}.X360-Debug|Any CPU.ActiveCfg = Debug|Any CPU
		{D8D1880C-8AB4-4518-A528-CE79378B4B68}.X360-Debug|Any CPU.Build.0 = Debug|Any CPU
		{D8D1880C-8AB4-4518-A528-CE79378B4B68}.X360-Release|Any CPU.ActiveCfg = Release|Any CPU
		{D8D1880C-8AB4-4518-A528-CE79378B4B68}.X360-Release|Any CPU.Build.0 = Release|Any CPU
		{0D06E1F5-1538-43FB-A697-C1F8826B2D80}.Debug|Any CPU.ActiveCfg = Debug|Any CPU
		{0D06E1F5-1538-43FB-A697-C1F8826B2D80}.Debug|Any CPU.Build.0 = Debug|Any CPU
		{0D06E1F5-1538-43FB-A697-C1F8826B2D80}.Release|Any CPU.ActiveCfg = Release|Any CPU
		{0D06E1F5-1538-43FB-A697-C1F8826B2D80}.Release|Any CPU.Build.0 = Release|Any CPU
		{0D06E1F5-1538-43FB-A697-C1F8826B2D80}.X360-Debug|Any CPU.ActiveCfg = Debug|Any CPU
		{0D06E1F5-1538-43FB-A697-C1F8826B2D80}.X360-Debug|Any CPU.Build.0 = Debug|Any CPU
		{0D06E1F5-1538-43FB-A697-C1F8826B2D80}.X360-Release|Any CPU.ActiveCfg = Release|Any CPU
		{0D06E1F5-1538-43FB-A697-C1F8826B2D80}.X360-Release|Any CPU.Build.0 = Release|Any CPU
		{F4A39E30-4C11-44F9-84AE-6B777A65B4C3}.Debug|Any CPU.ActiveCfg = Debug|Any CPU
		{F4A39E30-4C11-44F9-84AE-6B777A65B4C3}.Debug|Any CPU.Build.0 = Debug|Any CPU
		{F4A39E30-4C11-44F9-84AE-6B777A65B4C3}.Release|Any CPU.ActiveCfg = Release|Any CPU
		{F4A39E30-4C11-44F9-84AE-6B777A65B4C3}.Release|Any CPU.Build.0 = Release|Any CPU
		{F4A39E30-4C11-44F9-84AE-6B777A65B4C3}.X360-Debug|Any CPU.ActiveCfg = Debug|Any CPU
		{F4A39E30-4C11-44F9-84AE-6B777A65B4C3}.X360-Debug|Any CPU.Build.0 = Debug|Any CPU
		{F4A39E30-4C11-44F9-84AE-6B777A65B4C3}.X360-Release|Any CPU.ActiveCfg = Release|Any CPU
		{F4A39E30-4C11-44F9-84AE-6B777A65B4C3}.X360-Release|Any CPU.Build.0 = Release|Any CPU
		{2EA2B1C7-8F28-43BB-B938-2D537AFDEADC}.Debug|Any CPU.ActiveCfg = Debug|Any CPU
		{2EA2B1C7-8F28-43BB-B938-2D537AFDEADC}.Debug|Any CPU.Build.0 = Debug|Any CPU
		{2EA2B1C7-8F28-43BB-B938-2D537AFDEADC}.Release|Any CPU.ActiveCfg = Release|Any CPU
		{2EA2B1C7-8F28-43BB-B938-2D537AFDEADC}.Release|Any CPU.Build.0 = Release|Any CPU
		{2EA2B1C7-8F28-43BB-B938-2D537AFDEADC}.X360-Debug|Any CPU.ActiveCfg = Debug|Any CPU
		{2EA2B1C7-8F28-43BB-B938-2D537AFDEADC}.X360-Debug|Any CPU.Build.0 = Debug|Any CPU
		{2EA2B1C7-8F28-43BB-B938-2D537AFDEADC}.X360-Release|Any CPU.ActiveCfg = Release|Any CPU
		{2EA2B1C7-8F28-43BB-B938-2D537AFDEADC}.X360-Release|Any CPU.Build.0 = Release|Any CPU
		{62ACAC6C-FDDF-4AE0-AE35-77DDDB824C06}.Debug|Any CPU.ActiveCfg = Debug|Any CPU
		{62ACAC6C-FDDF-4AE0-AE35-77DDDB824C06}.Debug|Any CPU.Build.0 = Debug|Any CPU
		{62ACAC6C-FDDF-4AE0-AE35-77DDDB824C06}.Release|Any CPU.ActiveCfg = Release|Any CPU
		{62ACAC6C-FDDF-4AE0-AE35-77DDDB824C06}.Release|Any CPU.Build.0 = Release|Any CPU
		{62ACAC6C-FDDF-4AE0-AE35-77DDDB824C06}.X360-Debug|Any CPU.ActiveCfg = Debug|Any CPU
		{62ACAC6C-FDDF-4AE0-AE35-77DDDB824C06}.X360-Debug|Any CPU.Build.0 = Debug|Any CPU
		{62ACAC6C-FDDF-4AE0-AE35-77DDDB824C06}.X360-Release|Any CPU.ActiveCfg = Release|Any CPU
		{62ACAC6C-FDDF-4AE0-AE35-77DDDB824C06}.X360-Release|Any CPU.Build.0 = Release|Any CPU
		{42367824-5BD7-4900-9482-AB4F0B0D460C}.Debug|Any CPU.ActiveCfg = Debug|Any CPU
		{42367824-5BD7-4900-9482-AB4F0B0D460C}.Debug|Any CPU.Build.0 = Debug|Any CPU
		{42367824-5BD7-4900-9482-AB4F0B0D460C}.Release|Any CPU.ActiveCfg = Release|Any CPU
		{42367824-5BD7-4900-9482-AB4F0B0D460C}.Release|Any CPU.Build.0 = Release|Any CPU
		{42367824-5BD7-4900-9482-AB4F0B0D460C}.X360-Debug|Any CPU.ActiveCfg = Debug|Any CPU
		{42367824-5BD7-4900-9482-AB4F0B0D460C}.X360-Debug|Any CPU.Build.0 = Debug|Any CPU
		{42367824-5BD7-4900-9482-AB4F0B0D460C}.X360-Release|Any CPU.ActiveCfg = Release|Any CPU
		{42367824-5BD7-4900-9482-AB4F0B0D460C}.X360-Release|Any CPU.Build.0 = Release|Any CPU
		{9BFCAD52-4F03-42D0-B3AD-31906D268455}.Debug|Any CPU.ActiveCfg = Debug|Any CPU
		{9BFCAD52-4F03-42D0-B3AD-31906D268455}.Debug|Any CPU.Build.0 = Debug|Any CPU
		{9BFCAD52-4F03-42D0-B3AD-31906D268455}.Release|Any CPU.ActiveCfg = Release|Any CPU
		{9BFCAD52-4F03-42D0-B3AD-31906D268455}.Release|Any CPU.Build.0 = Release|Any CPU
		{9BFCAD52-4F03-42D0-B3AD-31906D268455}.X360-Debug|Any CPU.ActiveCfg = Debug|Any CPU
		{9BFCAD52-4F03-42D0-B3AD-31906D268455}.X360-Debug|Any CPU.Build.0 = Debug|Any CPU
		{9BFCAD52-4F03-42D0-B3AD-31906D268455}.X360-Release|Any CPU.ActiveCfg = Release|Any CPU
		{9BFCAD52-4F03-42D0-B3AD-31906D268455}.X360-Release|Any CPU.Build.0 = Release|Any CPU
		{88BB66C9-14D2-4718-B171-CA3549E3C934}.Debug|Any CPU.ActiveCfg = Debug|Any CPU
		{88BB66C9-14D2-4718-B171-CA3549E3C934}.Debug|Any CPU.Build.0 = Debug|Any CPU
		{88BB66C9-14D2-4718-B171-CA3549E3C934}.Release|Any CPU.ActiveCfg = Release|Any CPU
		{88BB66C9-14D2-4718-B171-CA3549E3C934}.Release|Any CPU.Build.0 = Release|Any CPU
		{88BB66C9-14D2-4718-B171-CA3549E3C934}.X360-Debug|Any CPU.ActiveCfg = Debug|Any CPU
		{88BB66C9-14D2-4718-B171-CA3549E3C934}.X360-Debug|Any CPU.Build.0 = Debug|Any CPU
		{88BB66C9-14D2-4718-B171-CA3549E3C934}.X360-Release|Any CPU.ActiveCfg = Release|Any CPU
		{88BB66C9-14D2-4718-B171-CA3549E3C934}.X360-Release|Any CPU.Build.0 = Release|Any CPU
		{3CEDC3B3-8FC6-4F55-A50B-DA5F8ABB1A3E}.Debug|Any CPU.ActiveCfg = Debug|Any CPU
		{3CEDC3B3-8FC6-4F55-A50B-DA5F8ABB1A3E}.Debug|Any CPU.Build.0 = Debug|Any CPU
		{3CEDC3B3-8FC6-4F55-A50B-DA5F8ABB1A3E}.Release|Any CPU.ActiveCfg = Release|Any CPU
		{3CEDC3B3-8FC6-4F55-A50B-DA5F8ABB1A3E}.Release|Any CPU.Build.0 = Release|Any CPU
		{3CEDC3B3-8FC6-4F55-A50B-DA5F8ABB1A3E}.X360-Debug|Any CPU.ActiveCfg = Debug|Any CPU
		{3CEDC3B3-8FC6-4F55-A50B-DA5F8ABB1A3E}.X360-Debug|Any CPU.Build.0 = Debug|Any CPU
		{3CEDC3B3-8FC6-4F55-A50B-DA5F8ABB1A3E}.X360-Release|Any CPU.ActiveCfg = Release|Any CPU
		{3CEDC3B3-8FC6-4F55-A50B-DA5F8ABB1A3E}.X360-Release|Any CPU.Build.0 = Release|Any CPU
		{420691E7-108F-445D-B36C-86036D66D724}.Debug|Any CPU.ActiveCfg = Debug|Any CPU
		{420691E7-108F-445D-B36C-86036D66D724}.Debug|Any CPU.Build.0 = Debug|Any CPU
		{420691E7-108F-445D-B36C-86036D66D724}.Release|Any CPU.ActiveCfg = Release|Any CPU
		{420691E7-108F-445D-B36C-86036D66D724}.Release|Any CPU.Build.0 = Release|Any CPU
		{420691E7-108F-445D-B36C-86036D66D724}.X360-Debug|Any CPU.ActiveCfg = Debug|Any CPU
		{420691E7-108F-445D-B36C-86036D66D724}.X360-Debug|Any CPU.Build.0 = Debug|Any CPU
		{420691E7-108F-445D-B36C-86036D66D724}.X360-Release|Any CPU.ActiveCfg = Release|Any CPU
		{420691E7-108F-445D-B36C-86036D66D724}.X360-Release|Any CPU.Build.0 = Release|Any CPU
		{B85A9A4F-FC71-4C5D-B199-8B5074E3B821}.Debug|Any CPU.ActiveCfg = Debug|Any CPU
		{B85A9A4F-FC71-4C5D-B199-8B5074E3B821}.Debug|Any CPU.Build.0 = Debug|Any CPU
		{B85A9A4F-FC71-4C5D-B199-8B5074E3B821}.Release|Any CPU.ActiveCfg = Release|Any CPU
		{B85A9A4F-FC71-4C5D-B199-8B5074E3B821}.Release|Any CPU.Build.0 = Release|Any CPU
		{B85A9A4F-FC71-4C5D-B199-8B5074E3B821}.X360-Debug|Any CPU.ActiveCfg = Debug|Any CPU
		{B85A9A4F-FC71-4C5D-B199-8B5074E3B821}.X360-Debug|Any CPU.Build.0 = Debug|Any CPU
		{B85A9A4F-FC71-4C5D-B199-8B5074E3B821}.X360-Release|Any CPU.ActiveCfg = Release|Any CPU
		{B85A9A4F-FC71-4C5D-B199-8B5074E3B821}.X360-Release|Any CPU.Build.0 = Release|Any CPU
		{256D2C82-CECC-4C56-8B0F-BBC80F0493DC}.Debug|Any CPU.ActiveCfg = Debug|Any CPU
		{256D2C82-CECC-4C56-8B0F-BBC80F0493DC}.Debug|Any CPU.Build.0 = Debug|Any CPU
		{256D2C82-CECC-4C56-8B0F-BBC80F0493DC}.Release|Any CPU.ActiveCfg = Release|Any CPU
		{256D2C82-CECC-4C56-8B0F-BBC80F0493DC}.Release|Any CPU.Build.0 = Release|Any CPU
		{256D2C82-CECC-4C56-8B0F-BBC80F0493DC}.X360-Debug|Any CPU.ActiveCfg = Debug|Any CPU
		{256D2C82-CECC-4C56-8B0F-BBC80F0493DC}.X360-Debug|Any CPU.Build.0 = Debug|Any CPU
		{256D2C82-CECC-4C56-8B0F-BBC80F0493DC}.X360-Release|Any CPU.ActiveCfg = Release|Any CPU
		{256D2C82-CECC-4C56-8B0F-BBC80F0493DC}.X360-Release|Any CPU.Build.0 = Release|Any CPU
		{B215B6A3-15CE-469B-989F-59828262974F}.Debug|Any CPU.ActiveCfg = Debug|Any CPU
		{B215B6A3-15CE-469B-989F-59828262974F}.Debug|Any CPU.Build.0 = Debug|Any CPU
		{B215B6A3-15CE-469B-989F-59828262974F}.Release|Any CPU.ActiveCfg = Release|Any CPU
		{B215B6A3-15CE-469B-989F-59828262974F}.Release|Any CPU.Build.0 = Release|Any CPU
		{B215B6A3-15CE-469B-989F-59828262974F}.X360-Debug|Any CPU.ActiveCfg = Debug|Any CPU
		{B215B6A3-15CE-469B-989F-59828262974F}.X360-Debug|Any CPU.Build.0 = Debug|Any CPU
		{B215B6A3-15CE-469B-989F-59828262974F}.X360-Release|Any CPU.ActiveCfg = Release|Any CPU
		{B215B6A3-15CE-469B-989F-59828262974F}.X360-Release|Any CPU.Build.0 = Release|Any CPU
		{8DA4FD77-F6A2-410A-848A-A9CC12EB45D2}.Debug|Any CPU.ActiveCfg = Debug|Any CPU
		{8DA4FD77-F6A2-410A-848A-A9CC12EB45D2}.Debug|Any CPU.Build.0 = Debug|Any CPU
		{8DA4FD77-F6A2-410A-848A-A9CC12EB45D2}.Release|Any CPU.ActiveCfg = Release|Any CPU
		{8DA4FD77-F6A2-410A-848A-A9CC12EB45D2}.Release|Any CPU.Build.0 = Release|Any CPU
		{8DA4FD77-F6A2-410A-848A-A9CC12EB45D2}.X360-Debug|Any CPU.ActiveCfg = Debug|Any CPU
		{8DA4FD77-F6A2-410A-848A-A9CC12EB45D2}.X360-Debug|Any CPU.Build.0 = Debug|Any CPU
		{8DA4FD77-F6A2-410A-848A-A9CC12EB45D2}.X360-Release|Any CPU.ActiveCfg = Release|Any CPU
		{8DA4FD77-F6A2-410A-848A-A9CC12EB45D2}.X360-Release|Any CPU.Build.0 = Release|Any CPU
		{FEF0699C-1992-4845-84FC-F73BB05F712F}.Debug|Any CPU.ActiveCfg = Debug|Any CPU
		{FEF0699C-1992-4845-84FC-F73BB05F712F}.Debug|Any CPU.Build.0 = Debug|Any CPU
		{FEF0699C-1992-4845-84FC-F73BB05F712F}.Release|Any CPU.ActiveCfg = Release|Any CPU
		{FEF0699C-1992-4845-84FC-F73BB05F712F}.Release|Any CPU.Build.0 = Release|Any CPU
		{FEF0699C-1992-4845-84FC-F73BB05F712F}.X360-Debug|Any CPU.ActiveCfg = Debug|Any CPU
		{FEF0699C-1992-4845-84FC-F73BB05F712F}.X360-Debug|Any CPU.Build.0 = Debug|Any CPU
		{FEF0699C-1992-4845-84FC-F73BB05F712F}.X360-Release|Any CPU.ActiveCfg = Release|Any CPU
		{FEF0699C-1992-4845-84FC-F73BB05F712F}.X360-Release|Any CPU.Build.0 = Release|Any CPU
		{9D0A1A71-8CE2-43AB-9ED0-A027F71AC618}.Debug|Any CPU.ActiveCfg = Debug|Any CPU
		{9D0A1A71-8CE2-43AB-9ED0-A027F71AC618}.Debug|Any CPU.Build.0 = Debug|Any CPU
		{9D0A1A71-8CE2-43AB-9ED0-A027F71AC618}.Release|Any CPU.ActiveCfg = Release|Any CPU
		{9D0A1A71-8CE2-43AB-9ED0-A027F71AC618}.Release|Any CPU.Build.0 = Release|Any CPU
		{9D0A1A71-8CE2-43AB-9ED0-A027F71AC618}.X360-Debug|Any CPU.ActiveCfg = Debug|Any CPU
		{9D0A1A71-8CE2-43AB-9ED0-A027F71AC618}.X360-Debug|Any CPU.Build.0 = Debug|Any CPU
		{9D0A1A71-8CE2-43AB-9ED0-A027F71AC618}.X360-Release|Any CPU.ActiveCfg = Release|Any CPU
		{9D0A1A71-8CE2-43AB-9ED0-A027F71AC618}.X360-Release|Any CPU.Build.0 = Release|Any CPU
	EndGlobalSection
	GlobalSection(SolutionProperties) = preSolution
		HideSolutionNode = FALSE
	EndGlobalSection
	GlobalSection(ExtensibilityGlobals) = postSolution
		SolutionGuid = {692F13A5-D057-4DCE-AED2-338510A77BE7}
	EndGlobalSection
EndGlobal
